
Microsoft Visual Studio Solution File, Format Version 12.00
# Visual Studio Version 17
VisualStudioVersion = 17.10.34928.147
MinimumVisualStudioVersion = 10.0.40219.1
Project("{9A19103F-16F7-4668-BE54-9A1E7A4F7556}") = "UserService", "UserService\UserService.csproj", "{736FF87C-BC2B-4125-8C09-C1823132CF79}"
EndProject
Project("{9A19103F-16F7-4668-BE54-9A1E7A4F7556}") = "OperationService", "OperationService\OperationService.csproj", "{6B2CD8B2-9880-4FB3-A910-B7FAD7268C97}"
EndProject
Project("{E53339B2-1760-4266-BCC7-CA923CBCF16C}") = "docker-compose", "docker-compose.dcproj", "{20A8C344-9696-495B-9C0E-0E0C6523B81A}"
EndProject
Global
	GlobalSection(SolutionConfigurationPlatforms) = preSolution
		Debug|Any CPU = Debug|Any CPU
		Release|Any CPU = Release|Any CPU
	EndGlobalSection
	GlobalSection(ProjectConfigurationPlatforms) = postSolution
		{736FF87C-BC2B-4125-8C09-C1823132CF79}.Debug|Any CPU.ActiveCfg = Debug|Any CPU
		{736FF87C-BC2B-4125-8C09-C1823132CF79}.Debug|Any CPU.Build.0 = Debug|Any CPU
		{736FF87C-BC2B-4125-8C09-C1823132CF79}.Release|Any CPU.ActiveCfg = Release|Any CPU
		{736FF87C-BC2B-4125-8C09-C1823132CF79}.Release|Any CPU.Build.0 = Release|Any CPU
		{6B2CD8B2-9880-4FB3-A910-B7FAD7268C97}.Debug|Any CPU.ActiveCfg = Debug|Any CPU
		{6B2CD8B2-9880-4FB3-A910-B7FAD7268C97}.Debug|Any CPU.Build.0 = Debug|Any CPU
		{6B2CD8B2-9880-4FB3-A910-B7FAD7268C97}.Release|Any CPU.ActiveCfg = Release|Any CPU
		{6B2CD8B2-9880-4FB3-A910-B7FAD7268C97}.Release|Any CPU.Build.0 = Release|Any CPU
		{20A8C344-9696-495B-9C0E-0E0C6523B81A}.Debug|Any CPU.ActiveCfg = Debug|Any CPU
		{20A8C344-9696-495B-9C0E-0E0C6523B81A}.Debug|Any CPU.Build.0 = Debug|Any CPU
		{20A8C344-9696-495B-9C0E-0E0C6523B81A}.Release|Any CPU.ActiveCfg = Release|Any CPU
		{20A8C344-9696-495B-9C0E-0E0C6523B81A}.Release|Any CPU.Build.0 = Release|Any CPU
	EndGlobalSection
	GlobalSection(SolutionProperties) = preSolution
		HideSolutionNode = FALSE
	EndGlobalSection
	GlobalSection(ExtensibilityGlobals) = postSolution
		SolutionGuid = {DA220CBB-2DA7-47EB-97D9-BF65D71E93FD}
	EndGlobalSection
EndGlobal
